// !$*UTF8*$!
{
	archiveVersion = 1;
	classes = {
	};
	objectVersion = 56;
	objects = {

/* Begin PBXBuildFile section */
		039EF01B2AFC847800141A29 /* AppDelegate.swift in Sources */ = {isa = PBXBuildFile; fileRef = 039EF01A2AFC847800141A29 /* AppDelegate.swift */; };
		039EF01D2AFC847800141A29 /* SceneDelegate.swift in Sources */ = {isa = PBXBuildFile; fileRef = 039EF01C2AFC847800141A29 /* SceneDelegate.swift */; };
		039EF01F2AFC847800141A29 /* ViewController.swift in Sources */ = {isa = PBXBuildFile; fileRef = 039EF01E2AFC847800141A29 /* ViewController.swift */; };
		039EF0222AFC847800141A29 /* Main.storyboard in Resources */ = {isa = PBXBuildFile; fileRef = 039EF0202AFC847800141A29 /* Main.storyboard */; };
		039EF0242AFC847A00141A29 /* Assets.xcassets in Resources */ = {isa = PBXBuildFile; fileRef = 039EF0232AFC847A00141A29 /* Assets.xcassets */; };
		039EF0272AFC847A00141A29 /* LaunchScreen.storyboard in Resources */ = {isa = PBXBuildFile; fileRef = 039EF0252AFC847A00141A29 /* LaunchScreen.storyboard */; };
		039EF0322AFC847A00141A29 /* RecipesAppTests.swift in Sources */ = {isa = PBXBuildFile; fileRef = 039EF0312AFC847A00141A29 /* RecipesAppTests.swift */; };
		039EF03C2AFC847A00141A29 /* RecipesAppUITests.swift in Sources */ = {isa = PBXBuildFile; fileRef = 039EF03B2AFC847A00141A29 /* RecipesAppUITests.swift */; };
		039EF03E2AFC847A00141A29 /* RecipesAppUITestsLaunchTests.swift in Sources */ = {isa = PBXBuildFile; fileRef = 039EF03D2AFC847A00141A29 /* RecipesAppUITestsLaunchTests.swift */; };
/* End PBXBuildFile section */

/* Begin PBXContainerItemProxy section */
		039EF02E2AFC847A00141A29 /* PBXContainerItemProxy */ = {
			isa = PBXContainerItemProxy;
			containerPortal = 039EF00F2AFC847800141A29 /* Project object */;
			proxyType = 1;
			remoteGlobalIDString = 039EF0162AFC847800141A29;
			remoteInfo = RecipesApp;
		};
		039EF0382AFC847A00141A29 /* PBXContainerItemProxy */ = {
			isa = PBXContainerItemProxy;
			containerPortal = 039EF00F2AFC847800141A29 /* Project object */;
			proxyType = 1;
			remoteGlobalIDString = 039EF0162AFC847800141A29;
			remoteInfo = RecipesApp;
		};
/* End PBXContainerItemProxy section */

/* Begin PBXFileReference section */
		039EF0172AFC847800141A29 /* RecipesApp.app */ = {isa = PBXFileReference; explicitFileType = wrapper.application; includeInIndex = 0; path = RecipesApp.app; sourceTree = BUILT_PRODUCTS_DIR; };
		039EF01A2AFC847800141A29 /* AppDelegate.swift */ = {isa = PBXFileReference; lastKnownFileType = sourcecode.swift; path = AppDelegate.swift; sourceTree = "<group>"; };
		039EF01C2AFC847800141A29 /* SceneDelegate.swift */ = {isa = PBXFileReference; lastKnownFileType = sourcecode.swift; path = SceneDelegate.swift; sourceTree = "<group>"; };
		039EF01E2AFC847800141A29 /* ViewController.swift */ = {isa = PBXFileReference; lastKnownFileType = sourcecode.swift; path = ViewController.swift; sourceTree = "<group>"; };
		039EF0212AFC847800141A29 /* Base */ = {isa = PBXFileReference; lastKnownFileType = file.storyboard; name = Base; path = Base.lproj/Main.storyboard; sourceTree = "<group>"; };
		039EF0232AFC847A00141A29 /* Assets.xcassets */ = {isa = PBXFileReference; lastKnownFileType = folder.assetcatalog; path = Assets.xcassets; sourceTree = "<group>"; };
		039EF0262AFC847A00141A29 /* Base */ = {isa = PBXFileReference; lastKnownFileType = file.storyboard; name = Base; path = Base.lproj/LaunchScreen.storyboard; sourceTree = "<group>"; };
		039EF0282AFC847A00141A29 /* Info.plist */ = {isa = PBXFileReference; lastKnownFileType = text.plist.xml; path = Info.plist; sourceTree = "<group>"; };
		039EF02D2AFC847A00141A29 /* RecipesAppTests.xctest */ = {isa = PBXFileReference; explicitFileType = wrapper.cfbundle; includeInIndex = 0; path = RecipesAppTests.xctest; sourceTree = BUILT_PRODUCTS_DIR; };
		039EF0312AFC847A00141A29 /* RecipesAppTests.swift */ = {isa = PBXFileReference; lastKnownFileType = sourcecode.swift; path = RecipesAppTests.swift; sourceTree = "<group>"; };
		039EF0372AFC847A00141A29 /* RecipesAppUITests.xctest */ = {isa = PBXFileReference; explicitFileType = wrapper.cfbundle; includeInIndex = 0; path = RecipesAppUITests.xctest; sourceTree = BUILT_PRODUCTS_DIR; };
		039EF03B2AFC847A00141A29 /* RecipesAppUITests.swift */ = {isa = PBXFileReference; lastKnownFileType = sourcecode.swift; path = RecipesAppUITests.swift; sourceTree = "<group>"; };
		039EF03D2AFC847A00141A29 /* RecipesAppUITestsLaunchTests.swift */ = {isa = PBXFileReference; lastKnownFileType = sourcecode.swift; path = RecipesAppUITestsLaunchTests.swift; sourceTree = "<group>"; };
/* End PBXFileReference section */

/* Begin PBXFrameworksBuildPhase section */
		039EF0142AFC847800141A29 /* Frameworks */ = {
			isa = PBXFrameworksBuildPhase;
			buildActionMask = 2147483647;
			files = (
			);
			runOnlyForDeploymentPostprocessing = 0;
		};
		039EF02A2AFC847A00141A29 /* Frameworks */ = {
			isa = PBXFrameworksBuildPhase;
			buildActionMask = 2147483647;
			files = (
			);
			runOnlyForDeploymentPostprocessing = 0;
		};
		039EF0342AFC847A00141A29 /* Frameworks */ = {
			isa = PBXFrameworksBuildPhase;
			buildActionMask = 2147483647;
			files = (
			);
			runOnlyForDeploymentPostprocessing = 0;
		};
/* End PBXFrameworksBuildPhase section */

/* Begin PBXGroup section */
		039EF00E2AFC847800141A29 = {
			isa = PBXGroup;
			children = (
				039EF0192AFC847800141A29 /* RecipesApp */,
				039EF0302AFC847A00141A29 /* RecipesAppTests */,
				039EF03A2AFC847A00141A29 /* RecipesAppUITests */,
				039EF0182AFC847800141A29 /* Products */,
			);
			sourceTree = "<group>";
		};
		039EF0182AFC847800141A29 /* Products */ = {
			isa = PBXGroup;
			children = (
				039EF0172AFC847800141A29 /* RecipesApp.app */,
				039EF02D2AFC847A00141A29 /* RecipesAppTests.xctest */,
				039EF0372AFC847A00141A29 /* RecipesAppUITests.xctest */,
			);
			name = Products;
			sourceTree = "<group>";
		};
		039EF0192AFC847800141A29 /* RecipesApp */ = {
			isa = PBXGroup;
			children = (
				039EF01A2AFC847800141A29 /* AppDelegate.swift */,
				039EF01C2AFC847800141A29 /* SceneDelegate.swift */,
				039EF01E2AFC847800141A29 /* ViewController.swift */,
				039EF0202AFC847800141A29 /* Main.storyboard */,
				039EF0232AFC847A00141A29 /* Assets.xcassets */,
				039EF0252AFC847A00141A29 /* LaunchScreen.storyboard */,
				039EF0282AFC847A00141A29 /* Info.plist */,
			);
			path = RecipesApp;
			sourceTree = "<group>";
		};
		039EF0302AFC847A00141A29 /* RecipesAppTests */ = {
			isa = PBXGroup;
			children = (
				039EF0312AFC847A00141A29 /* RecipesAppTests.swift */,
			);
			path = RecipesAppTests;
			sourceTree = "<group>";
		};
		039EF03A2AFC847A00141A29 /* RecipesAppUITests */ = {
			isa = PBXGroup;
			children = (
				039EF03B2AFC847A00141A29 /* RecipesAppUITests.swift */,
				039EF03D2AFC847A00141A29 /* RecipesAppUITestsLaunchTests.swift */,
			);
			path = RecipesAppUITests;
			sourceTree = "<group>";
		};
/* End PBXGroup section */

/* Begin PBXNativeTarget section */
		039EF0162AFC847800141A29 /* RecipesApp */ = {
			isa = PBXNativeTarget;
			buildConfigurationList = 039EF0412AFC847A00141A29 /* Build configuration list for PBXNativeTarget "RecipesApp" */;
			buildPhases = (
				039EF0132AFC847800141A29 /* Sources */,
				039EF0142AFC847800141A29 /* Frameworks */,
				039EF0152AFC847800141A29 /* Resources */,
			);
			buildRules = (
			);
			dependencies = (
			);
			name = RecipesApp;
			productName = RecipesApp;
			productReference = 039EF0172AFC847800141A29 /* RecipesApp.app */;
			productType = "com.apple.product-type.application";
		};
		039EF02C2AFC847A00141A29 /* RecipesAppTests */ = {
			isa = PBXNativeTarget;
			buildConfigurationList = 039EF0442AFC847A00141A29 /* Build configuration list for PBXNativeTarget "RecipesAppTests" */;
			buildPhases = (
				039EF0292AFC847A00141A29 /* Sources */,
				039EF02A2AFC847A00141A29 /* Frameworks */,
				039EF02B2AFC847A00141A29 /* Resources */,
			);
			buildRules = (
			);
			dependencies = (
				039EF02F2AFC847A00141A29 /* PBXTargetDependency */,
			);
			name = RecipesAppTests;
			productName = RecipesAppTests;
			productReference = 039EF02D2AFC847A00141A29 /* RecipesAppTests.xctest */;
			productType = "com.apple.product-type.bundle.unit-test";
		};
		039EF0362AFC847A00141A29 /* RecipesAppUITests */ = {
			isa = PBXNativeTarget;
			buildConfigurationList = 039EF0472AFC847A00141A29 /* Build configuration list for PBXNativeTarget "RecipesAppUITests" */;
			buildPhases = (
				039EF0332AFC847A00141A29 /* Sources */,
				039EF0342AFC847A00141A29 /* Frameworks */,
				039EF0352AFC847A00141A29 /* Resources */,
			);
			buildRules = (
			);
			dependencies = (
				039EF0392AFC847A00141A29 /* PBXTargetDependency */,
			);
			name = RecipesAppUITests;
			productName = RecipesAppUITests;
			productReference = 039EF0372AFC847A00141A29 /* RecipesAppUITests.xctest */;
			productType = "com.apple.product-type.bundle.ui-testing";
		};
/* End PBXNativeTarget section */

/* Begin PBXProject section */
		039EF00F2AFC847800141A29 /* Project object */ = {
			isa = PBXProject;
			attributes = {
				BuildIndependentTargetsInParallel = 1;
				LastSwiftUpdateCheck = 1430;
				LastUpgradeCheck = 1430;
				TargetAttributes = {
					039EF0162AFC847800141A29 = {
						CreatedOnToolsVersion = 14.3.1;
					};
					039EF02C2AFC847A00141A29 = {
						CreatedOnToolsVersion = 14.3.1;
						TestTargetID = 039EF0162AFC847800141A29;
					};
					039EF0362AFC847A00141A29 = {
						CreatedOnToolsVersion = 14.3.1;
						TestTargetID = 039EF0162AFC847800141A29;
					};
				};
			};
			buildConfigurationList = 039EF0122AFC847800141A29 /* Build configuration list for PBXProject "RecipesApp" */;
			compatibilityVersion = "Xcode 14.0";
			developmentRegion = en;
			hasScannedForEncodings = 0;
			knownRegions = (
				en,
				Base,
			);
			mainGroup = 039EF00E2AFC847800141A29;
			productRefGroup = 039EF0182AFC847800141A29 /* Products */;
			projectDirPath = "";
			projectRoot = "";
			targets = (
				039EF0162AFC847800141A29 /* RecipesApp */,
				039EF02C2AFC847A00141A29 /* RecipesAppTests */,
				039EF0362AFC847A00141A29 /* RecipesAppUITests */,
			);
		};
/* End PBXProject section */

/* Begin PBXResourcesBuildPhase section */
		039EF0152AFC847800141A29 /* Resources */ = {
			isa = PBXResourcesBuildPhase;
			buildActionMask = 2147483647;
			files = (
				039EF0272AFC847A00141A29 /* LaunchScreen.storyboard in Resources */,
				039EF0242AFC847A00141A29 /* Assets.xcassets in Resources */,
				039EF0222AFC847800141A29 /* Main.storyboard in Resources */,
			);
			runOnlyForDeploymentPostprocessing = 0;
		};
		039EF02B2AFC847A00141A29 /* Resources */ = {
			isa = PBXResourcesBuildPhase;
			buildActionMask = 2147483647;
			files = (
			);
			runOnlyForDeploymentPostprocessing = 0;
		};
		039EF0352AFC847A00141A29 /* Resources */ = {
			isa = PBXResourcesBuildPhase;
			buildActionMask = 2147483647;
			files = (
			);
			runOnlyForDeploymentPostprocessing = 0;
		};
/* End PBXResourcesBuildPhase section */

/* Begin PBXSourcesBuildPhase section */
		039EF0132AFC847800141A29 /* Sources */ = {
			isa = PBXSourcesBuildPhase;
			buildActionMask = 2147483647;
			files = (
				039EF01F2AFC847800141A29 /* ViewController.swift in Sources */,
				039EF01B2AFC847800141A29 /* AppDelegate.swift in Sources */,
				039EF01D2AFC847800141A29 /* SceneDelegate.swift in Sources */,
			);
			runOnlyForDeploymentPostprocessing = 0;
		};
		039EF0292AFC847A00141A29 /* Sources */ = {
			isa = PBXSourcesBuildPhase;
			buildActionMask = 2147483647;
			files = (
				039EF0322AFC847A00141A29 /* RecipesAppTests.swift in Sources */,
			);
			runOnlyForDeploymentPostprocessing = 0;
		};
		039EF0332AFC847A00141A29 /* Sources */ = {
			isa = PBXSourcesBuildPhase;
			buildActionMask = 2147483647;
			files = (
				039EF03E2AFC847A00141A29 /* RecipesAppUITestsLaunchTests.swift in Sources */,
				039EF03C2AFC847A00141A29 /* RecipesAppUITests.swift in Sources */,
			);
			runOnlyForDeploymentPostprocessing = 0;
		};
/* End PBXSourcesBuildPhase section */

/* Begin PBXTargetDependency section */
		039EF02F2AFC847A00141A29 /* PBXTargetDependency */ = {
			isa = PBXTargetDependency;
			target = 039EF0162AFC847800141A29 /* RecipesApp */;
			targetProxy = 039EF02E2AFC847A00141A29 /* PBXContainerItemProxy */;
		};
		039EF0392AFC847A00141A29 /* PBXTargetDependency */ = {
			isa = PBXTargetDependency;
			target = 039EF0162AFC847800141A29 /* RecipesApp */;
			targetProxy = 039EF0382AFC847A00141A29 /* PBXContainerItemProxy */;
		};
/* End PBXTargetDependency section */

/* Begin PBXVariantGroup section */
		039EF0202AFC847800141A29 /* Main.storyboard */ = {
			isa = PBXVariantGroup;
			children = (
				039EF0212AFC847800141A29 /* Base */,
			);
			name = Main.storyboard;
			sourceTree = "<group>";
		};
		039EF0252AFC847A00141A29 /* LaunchScreen.storyboard */ = {
			isa = PBXVariantGroup;
			children = (
				039EF0262AFC847A00141A29 /* Base */,
			);
			name = LaunchScreen.storyboard;
			sourceTree = "<group>";
		};
/* End PBXVariantGroup section */

/* Begin XCBuildConfiguration section */
		039EF03F2AFC847A00141A29 /* Debug */ = {
			isa = XCBuildConfiguration;
			buildSettings = {
				ALWAYS_SEARCH_USER_PATHS = NO;
				CLANG_ANALYZER_NONNULL = YES;
				CLANG_ANALYZER_NUMBER_OBJECT_CONVERSION = YES_AGGRESSIVE;
				CLANG_CXX_LANGUAGE_STANDARD = "gnu++20";
				CLANG_ENABLE_MODULES = YES;
				CLANG_ENABLE_OBJC_ARC = YES;
				CLANG_ENABLE_OBJC_WEAK = YES;
				CLANG_WARN_BLOCK_CAPTURE_AUTORELEASING = YES;
				CLANG_WARN_BOOL_CONVERSION = YES;
				CLANG_WARN_COMMA = YES;
				CLANG_WARN_CONSTANT_CONVERSION = YES;
				CLANG_WARN_DEPRECATED_OBJC_IMPLEMENTATIONS = YES;
				CLANG_WARN_DIRECT_OBJC_ISA_USAGE = YES_ERROR;
				CLANG_WARN_DOCUMENTATION_COMMENTS = YES;
				CLANG_WARN_EMPTY_BODY = YES;
				CLANG_WARN_ENUM_CONVERSION = YES;
				CLANG_WARN_INFINITE_RECURSION = YES;
				CLANG_WARN_INT_CONVERSION = YES;
				CLANG_WARN_NON_LITERAL_NULL_CONVERSION = YES;
				CLANG_WARN_OBJC_IMPLICIT_RETAIN_SELF = YES;
				CLANG_WARN_OBJC_LITERAL_CONVERSION = YES;
				CLANG_WARN_OBJC_ROOT_CLASS = YES_ERROR;
				CLANG_WARN_QUOTED_INCLUDE_IN_FRAMEWORK_HEADER = YES;
				CLANG_WARN_RANGE_LOOP_ANALYSIS = YES;
				CLANG_WARN_STRICT_PROTOTYPES = YES;
				CLANG_WARN_SUSPICIOUS_MOVE = YES;
				CLANG_WARN_UNGUARDED_AVAILABILITY = YES_AGGRESSIVE;
				CLANG_WARN_UNREACHABLE_CODE = YES;
				CLANG_WARN__DUPLICATE_METHOD_MATCH = YES;
				COPY_PHASE_STRIP = NO;
				DEBUG_INFORMATION_FORMAT = dwarf;
				ENABLE_STRICT_OBJC_MSGSEND = YES;
				ENABLE_TESTABILITY = YES;
				GCC_C_LANGUAGE_STANDARD = gnu11;
				GCC_DYNAMIC_NO_PIC = NO;
				GCC_NO_COMMON_BLOCKS = YES;
				GCC_OPTIMIZATION_LEVEL = 0;
				GCC_PREPROCESSOR_DEFINITIONS = (
					"DEBUG=1",
					"$(inherited)",
				);
				GCC_WARN_64_TO_32_BIT_CONVERSION = YES;
				GCC_WARN_ABOUT_RETURN_TYPE = YES_ERROR;
				GCC_WARN_UNDECLARED_SELECTOR = YES;
				GCC_WARN_UNINITIALIZED_AUTOS = YES_AGGRESSIVE;
				GCC_WARN_UNUSED_FUNCTION = YES;
				GCC_WARN_UNUSED_VARIABLE = YES;
				IPHONEOS_DEPLOYMENT_TARGET = 16.4;
				MTL_ENABLE_DEBUG_INFO = INCLUDE_SOURCE;
				MTL_FAST_MATH = YES;
				ONLY_ACTIVE_ARCH = YES;
				SDKROOT = iphoneos;
				SWIFT_ACTIVE_COMPILATION_CONDITIONS = DEBUG;
				SWIFT_OPTIMIZATION_LEVEL = "-Onone";
			};
			name = Debug;
		};
		039EF0402AFC847A00141A29 /* Release */ = {
			isa = XCBuildConfiguration;
			buildSettings = {
				ALWAYS_SEARCH_USER_PATHS = NO;
				CLANG_ANALYZER_NONNULL = YES;
				CLANG_ANALYZER_NUMBER_OBJECT_CONVERSION = YES_AGGRESSIVE;
				CLANG_CXX_LANGUAGE_STANDARD = "gnu++20";
				CLANG_ENABLE_MODULES = YES;
				CLANG_ENABLE_OBJC_ARC = YES;
				CLANG_ENABLE_OBJC_WEAK = YES;
				CLANG_WARN_BLOCK_CAPTURE_AUTORELEASING = YES;
				CLANG_WARN_BOOL_CONVERSION = YES;
				CLANG_WARN_COMMA = YES;
				CLANG_WARN_CONSTANT_CONVERSION = YES;
				CLANG_WARN_DEPRECATED_OBJC_IMPLEMENTATIONS = YES;
				CLANG_WARN_DIRECT_OBJC_ISA_USAGE = YES_ERROR;
				CLANG_WARN_DOCUMENTATION_COMMENTS = YES;
				CLANG_WARN_EMPTY_BODY = YES;
				CLANG_WARN_ENUM_CONVERSION = YES;
				CLANG_WARN_INFINITE_RECURSION = YES;
				CLANG_WARN_INT_CONVERSION = YES;
				CLANG_WARN_NON_LITERAL_NULL_CONVERSION = YES;
				CLANG_WARN_OBJC_IMPLICIT_RETAIN_SELF = YES;
				CLANG_WARN_OBJC_LITERAL_CONVERSION = YES;
				CLANG_WARN_OBJC_ROOT_CLASS = YES_ERROR;
				CLANG_WARN_QUOTED_INCLUDE_IN_FRAMEWORK_HEADER = YES;
				CLANG_WARN_RANGE_LOOP_ANALYSIS = YES;
				CLANG_WARN_STRICT_PROTOTYPES = YES;
				CLANG_WARN_SUSPICIOUS_MOVE = YES;
				CLANG_WARN_UNGUARDED_AVAILABILITY = YES_AGGRESSIVE;
				CLANG_WARN_UNREACHABLE_CODE = YES;
				CLANG_WARN__DUPLICATE_METHOD_MATCH = YES;
				COPY_PHASE_STRIP = NO;
				DEBUG_INFORMATION_FORMAT = "dwarf-with-dsym";
				ENABLE_NS_ASSERTIONS = NO;
				ENABLE_STRICT_OBJC_MSGSEND = YES;
				GCC_C_LANGUAGE_STANDARD = gnu11;
				GCC_NO_COMMON_BLOCKS = YES;
				GCC_WARN_64_TO_32_BIT_CONVERSION = YES;
				GCC_WARN_ABOUT_RETURN_TYPE = YES_ERROR;
				GCC_WARN_UNDECLARED_SELECTOR = YES;
				GCC_WARN_UNINITIALIZED_AUTOS = YES_AGGRESSIVE;
				GCC_WARN_UNUSED_FUNCTION = YES;
				GCC_WARN_UNUSED_VARIABLE = YES;
				IPHONEOS_DEPLOYMENT_TARGET = 16.4;
				MTL_ENABLE_DEBUG_INFO = NO;
				MTL_FAST_MATH = YES;
				SDKROOT = iphoneos;
				SWIFT_COMPILATION_MODE = wholemodule;
				SWIFT_OPTIMIZATION_LEVEL = "-O";
				VALIDATE_PRODUCT = YES;
			};
			name = Release;
		};
		039EF0422AFC847A00141A29 /* Debug */ = {
			isa = XCBuildConfiguration;
			buildSettings = {
				ASSETCATALOG_COMPILER_APPICON_NAME = AppIcon;
				ASSETCATALOG_COMPILER_GLOBAL_ACCENT_COLOR_NAME = AccentColor;
				CODE_SIGN_STYLE = Automatic;
				CURRENT_PROJECT_VERSION = 1;
				DEVELOPMENT_TEAM = 7RRD9A765A;
				GENERATE_INFOPLIST_FILE = YES;
				INFOPLIST_FILE = RecipesApp/Info.plist;
				INFOPLIST_KEY_UIApplicationSupportsIndirectInputEvents = YES;
				INFOPLIST_KEY_UILaunchStoryboardName = LaunchScreen;
				INFOPLIST_KEY_UIMainStoryboardFile = Main;
				INFOPLIST_KEY_UISupportedInterfaceOrientations_iPad = "UIInterfaceOrientationPortrait UIInterfaceOrientationPortraitUpsideDown UIInterfaceOrientationLandscapeLeft UIInterfaceOrientationLandscapeRight";
				INFOPLIST_KEY_UISupportedInterfaceOrientations_iPhone = "UIInterfaceOrientationPortrait UIInterfaceOrientationLandscapeLeft UIInterfaceOrientationLandscapeRight";
				LD_RUNPATH_SEARCH_PATHS = (
					"$(inherited)",
					"@executable_path/Frameworks",
				);
				MARKETING_VERSION = 1.0;
				PRODUCT_BUNDLE_IDENTIFIER = com.jhonatan.RecipesApp;
				PRODUCT_NAME = "$(TARGET_NAME)";
				SWIFT_EMIT_LOC_STRINGS = YES;
				SWIFT_VERSION = 5.0;
				TARGETED_DEVICE_FAMILY = "1,2";
			};
			name = Debug;
		};
		039EF0432AFC847A00141A29 /* Release */ = {
			isa = XCBuildConfiguration;
			buildSettings = {
				ASSETCATALOG_COMPILER_APPICON_NAME = AppIcon;
				ASSETCATALOG_COMPILER_GLOBAL_ACCENT_COLOR_NAME = AccentColor;
				CODE_SIGN_STYLE = Automatic;
				CURRENT_PROJECT_VERSION = 1;
				DEVELOPMENT_TEAM = 7RRD9A765A;
				GENERATE_INFOPLIST_FILE = YES;
				INFOPLIST_FILE = RecipesApp/Info.plist;
				INFOPLIST_KEY_UIApplicationSupportsIndirectInputEvents = YES;
				INFOPLIST_KEY_UILaunchStoryboardName = LaunchScreen;
				INFOPLIST_KEY_UIMainStoryboardFile = Main;
				INFOPLIST_KEY_UISupportedInterfaceOrientations_iPad = "UIInterfaceOrientationPortrait UIInterfaceOrientationPortraitUpsideDown UIInterfaceOrientationLandscapeLeft UIInterfaceOrientationLandscapeRight";
				INFOPLIST_KEY_UISupportedInterfaceOrientations_iPhone = "UIInterfaceOrientationPortrait UIInterfaceOrientationLandscapeLeft UIInterfaceOrientationLandscapeRight";
				LD_RUNPATH_SEARCH_PATHS = (
					"$(inherited)",
					"@executable_path/Frameworks",
				);
				MARKETING_VERSION = 1.0;
				PRODUCT_BUNDLE_IDENTIFIER = com.jhonatan.RecipesApp;
				PRODUCT_NAME = "$(TARGET_NAME)";
				SWIFT_EMIT_LOC_STRINGS = YES;
				SWIFT_VERSION = 5.0;
				TARGETED_DEVICE_FAMILY = "1,2";
			};
			name = Release;
		};
		039EF0452AFC847A00141A29 /* Debug */ = {
			isa = XCBuildConfiguration;
			buildSettings = {
				ALWAYS_EMBED_SWIFT_STANDARD_LIBRARIES = YES;
				BUNDLE_LOADER = "$(TEST_HOST)";
				CODE_SIGN_STYLE = Automatic;
				CURRENT_PROJECT_VERSION = 1;
				DEVELOPMENT_TEAM = 7RRD9A765A;
				GENERATE_INFOPLIST_FILE = YES;
				IPHONEOS_DEPLOYMENT_TARGET = 16.4;
				MARKETING_VERSION = 1.0;
				PRODUCT_BUNDLE_IDENTIFIER = com.jhonatan.RecipesAppTests;
				PRODUCT_NAME = "$(TARGET_NAME)";
				SWIFT_EMIT_LOC_STRINGS = NO;
				SWIFT_VERSION = 5.0;
				TARGETED_DEVICE_FAMILY = "1,2";
				TEST_HOST = "$(BUILT_PRODUCTS_DIR)/RecipesApp.app/$(BUNDLE_EXECUTABLE_FOLDER_PATH)/RecipesApp";
			};
			name = Debug;
		};
		039EF0462AFC847A00141A29 /* Release */ = {
			isa = XCBuildConfiguration;
			buildSettings = {
				ALWAYS_EMBED_SWIFT_STANDARD_LIBRARIES = YES;
				BUNDLE_LOADER = "$(TEST_HOST)";
				CODE_SIGN_STYLE = Automatic;
				CURRENT_PROJECT_VERSION = 1;
				DEVELOPMENT_TEAM = 7RRD9A765A;
				GENERATE_INFOPLIST_FILE = YES;
				IPHONEOS_DEPLOYMENT_TARGET = 16.4;
				MARKETING_VERSION = 1.0;
				PRODUCT_BUNDLE_IDENTIFIER = com.jhonatan.RecipesAppTests;
				PRODUCT_NAME = "$(TARGET_NAME)";
				SWIFT_EMIT_LOC_STRINGS = NO;
				SWIFT_VERSION = 5.0;
				TARGETED_DEVICE_FAMILY = "1,2";
				TEST_HOST = "$(BUILT_PRODUCTS_DIR)/RecipesApp.app/$(BUNDLE_EXECUTABLE_FOLDER_PATH)/RecipesApp";
			};
			name = Release;
		};
		039EF0482AFC847A00141A29 /* Debug */ = {
			isa = XCBuildConfiguration;
			buildSettings = {
				ALWAYS_EMBED_SWIFT_STANDARD_LIBRARIES = YES;
				CODE_SIGN_STYLE = Automatic;
				CURRENT_PROJECT_VERSION = 1;
				DEVELOPMENT_TEAM = 7RRD9A765A;
				GENERATE_INFOPLIST_FILE = YES;
				MARKETING_VERSION = 1.0;
				PRODUCT_BUNDLE_IDENTIFIER = com.jhonatan.RecipesAppUITests;
				PRODUCT_NAME = "$(TARGET_NAME)";
				SWIFT_EMIT_LOC_STRINGS = NO;
				SWIFT_VERSION = 5.0;
				TARGETED_DEVICE_FAMILY = "1,2";
				TEST_TARGET_NAME = RecipesApp;
			};
			name = Debug;
		};
		039EF0492AFC847A00141A29 /* Release */ = {
			isa = XCBuildConfiguration;
			buildSettings = {
				ALWAYS_EMBED_SWIFT_STANDARD_LIBRARIES = YES;
				CODE_SIGN_STYLE = Automatic;
				CURRENT_PROJECT_VERSION = 1;
				DEVELOPMENT_TEAM = 7RRD9A765A;
				GENERATE_INFOPLIST_FILE = YES;
				MARKETING_VERSION = 1.0;
				PRODUCT_BUNDLE_IDENTIFIER = com.jhonatan.RecipesAppUITests;
				PRODUCT_NAME = "$(TARGET_NAME)";
				SWIFT_EMIT_LOC_STRINGS = NO;
				SWIFT_VERSION = 5.0;
				TARGETED_DEVICE_FAMILY = "1,2";
				TEST_TARGET_NAME = RecipesApp;
			};
			name = Release;
		};
/* End XCBuildConfiguration section */

/* Begin XCConfigurationList section */
		039EF0122AFC847800141A29 /* Build configuration list for PBXProject "RecipesApp" */ = {
			isa = XCConfigurationList;
			buildConfigurations = (
				039EF03F2AFC847A00141A29 /* Debug */,
				039EF0402AFC847A00141A29 /* Release */,
			);
			defaultConfigurationIsVisible = 0;
			defaultConfigurationName = Release;
		};
		039EF0412AFC847A00141A29 /* Build configuration list for PBXNativeTarget "RecipesApp" */ = {
			isa = XCConfigurationList;
			buildConfigurations = (
				039EF0422AFC847A00141A29 /* Debug */,
				039EF0432AFC847A00141A29 /* Release */,
			);
			defaultConfigurationIsVisible = 0;
			defaultConfigurationName = Release;
		};
		039EF0442AFC847A00141A29 /* Build configuration list for PBXNativeTarget "RecipesAppTests" */ = {
			isa = XCConfigurationList;
			buildConfigurations = (
				039EF0452AFC847A00141A29 /* Debug */,
				039EF0462AFC847A00141A29 /* Release */,
			);
			defaultConfigurationIsVisible = 0;
			defaultConfigurationName = Release;
		};
		039EF0472AFC847A00141A29 /* Build configuration list for PBXNativeTarget "RecipesAppUITests" */ = {
			isa = XCConfigurationList;
			buildConfigurations = (
				039EF0482AFC847A00141A29 /* Debug */,
				039EF0492AFC847A00141A29 /* Release */,
			);
			defaultConfigurationIsVisible = 0;
			defaultConfigurationName = Release;
		};
/* End XCConfigurationList section */
	};
	rootObject = 039EF00F2AFC847800141A29 /* Project object */;
}
