// !$*UTF8*$!
{
	archiveVersion = 1;
	classes = {
	};
	objectVersion = 56;
	objects = {

/* Begin PBXBuildFile section */
		030E8FE22B02DCB70018C8BC /* LocationViewController.xib in Resources */ = {isa = PBXBuildFile; fileRef = 030E8FE02B02DCB70018C8BC /* LocationViewController.xib */; };
		030E8FEA2B02DFDA0018C8BC /* RecipesViewController.xib in Resources */ = {isa = PBXBuildFile; fileRef = 030E8FE92B02DFDA0018C8BC /* RecipesViewController.xib */; };
		030E8FED2B02E1980018C8BC /* RecipeDetailViewController.xib in Resources */ = {isa = PBXBuildFile; fileRef = 030E8FEC2B02E1980018C8BC /* RecipeDetailViewController.xib */; };
		030E8FFB2B02E8240018C8BC /* Extension+UIViewController.swift in Sources */ = {isa = PBXBuildFile; fileRef = 030E8FFA2B02E8240018C8BC /* Extension+UIViewController.swift */; };
		030E90032B02EAE60018C8BC /* Constants.swift in Sources */ = {isa = PBXBuildFile; fileRef = 030E90022B02EAE60018C8BC /* Constants.swift */; };
		0329357A2AFF341C002D2E45 /* LocationServiceTests.swift in Sources */ = {isa = PBXBuildFile; fileRef = 032935792AFF341C002D2E45 /* LocationServiceTests.swift */; };
		0329357C2AFF350C002D2E45 /* RecipesApp.xctestplan in Resources */ = {isa = PBXBuildFile; fileRef = 0329357B2AFF350C002D2E45 /* RecipesApp.xctestplan */; };
		0329357E2AFF3777002D2E45 /* RecipesViewModelTests.swift in Sources */ = {isa = PBXBuildFile; fileRef = 0329357D2AFF3777002D2E45 /* RecipesViewModelTests.swift */; };
		032935802AFF3C07002D2E45 /* RecipeDetailViewModelTests.swift in Sources */ = {isa = PBXBuildFile; fileRef = 0329357F2AFF3C07002D2E45 /* RecipeDetailViewModelTests.swift */; };
		032935822AFF3E2D002D2E45 /* LocationViewModelTest.swift in Sources */ = {isa = PBXBuildFile; fileRef = 032935812AFF3E2D002D2E45 /* LocationViewModelTest.swift */; };
		0362F0BD2AFEE98F00EF8709 /* LocationViewController.swift in Sources */ = {isa = PBXBuildFile; fileRef = 0362F0BC2AFEE98E00EF8709 /* LocationViewController.swift */; };
		0362F0C02AFEF4F300EF8709 /* RecipesVIewModel.swift in Sources */ = {isa = PBXBuildFile; fileRef = 0362F0BF2AFEF4F300EF8709 /* RecipesVIewModel.swift */; };
		0362F0C22AFF012800EF8709 /* RecipeDetailViewModel.swift in Sources */ = {isa = PBXBuildFile; fileRef = 0362F0C12AFF012800EF8709 /* RecipeDetailViewModel.swift */; };
		0362F0C42AFF269F00EF8709 /* LocationService.swift in Sources */ = {isa = PBXBuildFile; fileRef = 0362F0C32AFF269F00EF8709 /* LocationService.swift */; };
		0362F0C62AFF285300EF8709 /* LocationVIewModel.swift in Sources */ = {isa = PBXBuildFile; fileRef = 0362F0C52AFF285300EF8709 /* LocationVIewModel.swift */; };
		039EF01B2AFC847800141A29 /* AppDelegate.swift in Sources */ = {isa = PBXBuildFile; fileRef = 039EF01A2AFC847800141A29 /* AppDelegate.swift */; };
		039EF01D2AFC847800141A29 /* SceneDelegate.swift in Sources */ = {isa = PBXBuildFile; fileRef = 039EF01C2AFC847800141A29 /* SceneDelegate.swift */; };
		039EF0242AFC847A00141A29 /* Assets.xcassets in Resources */ = {isa = PBXBuildFile; fileRef = 039EF0232AFC847A00141A29 /* Assets.xcassets */; };
		039EF0272AFC847A00141A29 /* LaunchScreen.storyboard in Resources */ = {isa = PBXBuildFile; fileRef = 039EF0252AFC847A00141A29 /* LaunchScreen.storyboard */; };
		03C6FC792AFDCC93001730D4 /* Extensions+UIView.swift in Sources */ = {isa = PBXBuildFile; fileRef = 03C6FC782AFDCC93001730D4 /* Extensions+UIView.swift */; };
		03C6FC7B2AFE0B0B001730D4 /* RecipesModel.swift in Sources */ = {isa = PBXBuildFile; fileRef = 03C6FC7A2AFE0B0B001730D4 /* RecipesModel.swift */; };
		03C6FC7D2AFE0C7D001730D4 /* RecipeModel.swift in Sources */ = {isa = PBXBuildFile; fileRef = 03C6FC7C2AFE0C7D001730D4 /* RecipeModel.swift */; };
		03C6FC812AFE8ED4001730D4 /* RecipesServiceTests.swift in Sources */ = {isa = PBXBuildFile; fileRef = 03C6FC802AFE8ED4001730D4 /* RecipesServiceTests.swift */; };
		03C6FC892AFEA00E001730D4 /* RecipesTableViewCell.swift in Sources */ = {isa = PBXBuildFile; fileRef = 03C6FC872AFEA00E001730D4 /* RecipesTableViewCell.swift */; };
		03C6FC8A2AFEA00E001730D4 /* RecipesTableViewCell.xib in Resources */ = {isa = PBXBuildFile; fileRef = 03C6FC882AFEA00E001730D4 /* RecipesTableViewCell.xib */; };
		03C6FC8C2AFEA056001730D4 /* RecipesViewController.swift in Sources */ = {isa = PBXBuildFile; fileRef = 03C6FC8B2AFEA056001730D4 /* RecipesViewController.swift */; };
		03C6FC902AFED391001730D4 /* RecipeDetailViewController.swift in Sources */ = {isa = PBXBuildFile; fileRef = 03C6FC8F2AFED391001730D4 /* RecipeDetailViewController.swift */; };
		03EB4BE42AFDB3C900F41A24 /* RecipesService.swift in Sources */ = {isa = PBXBuildFile; fileRef = 03EB4BE12AFDB3C900F41A24 /* RecipesService.swift */; };
		03EB4BE62AFDB40400F41A24 /* APIClient.swift in Sources */ = {isa = PBXBuildFile; fileRef = 03EB4BE52AFDB40400F41A24 /* APIClient.swift */; };
		03EB4BEA2AFDB81400F41A24 /* APIClientTest.swift in Sources */ = {isa = PBXBuildFile; fileRef = 03EB4BE92AFDB81400F41A24 /* APIClientTest.swift */; };
		49FFA51333E810B128EC8F7A /* Pods_RecipesAppTests.framework in Frameworks */ = {isa = PBXBuildFile; fileRef = FC68A6F5A2737FF91B3A772E /* Pods_RecipesAppTests.framework */; };
		7322AC33C0BDC617ADD7C02E /* Pods_RecipesApp.framework in Frameworks */ = {isa = PBXBuildFile; fileRef = 233912E8DBFD0DBB281F6A6D /* Pods_RecipesApp.framework */; };
/* End PBXBuildFile section */

/* Begin PBXContainerItemProxy section */
		039EF02E2AFC847A00141A29 /* PBXContainerItemProxy */ = {
			isa = PBXContainerItemProxy;
			containerPortal = 039EF00F2AFC847800141A29 /* Project object */;
			proxyType = 1;
			remoteGlobalIDString = 039EF0162AFC847800141A29;
			remoteInfo = RecipesApp;
		};
/* End PBXContainerItemProxy section */

/* Begin PBXFileReference section */
		030E8FE02B02DCB70018C8BC /* LocationViewController.xib */ = {isa = PBXFileReference; lastKnownFileType = file.xib; path = LocationViewController.xib; sourceTree = "<group>"; };
		030E8FE92B02DFDA0018C8BC /* RecipesViewController.xib */ = {isa = PBXFileReference; lastKnownFileType = file.xib; path = RecipesViewController.xib; sourceTree = "<group>"; };
		030E8FEC2B02E1980018C8BC /* RecipeDetailViewController.xib */ = {isa = PBXFileReference; lastKnownFileType = file.xib; path = RecipeDetailViewController.xib; sourceTree = "<group>"; };
		030E8FFA2B02E8240018C8BC /* Extension+UIViewController.swift */ = {isa = PBXFileReference; lastKnownFileType = sourcecode.swift; path = "Extension+UIViewController.swift"; sourceTree = "<group>"; };
		030E90022B02EAE60018C8BC /* Constants.swift */ = {isa = PBXFileReference; lastKnownFileType = sourcecode.swift; path = Constants.swift; sourceTree = "<group>"; };
		032935792AFF341C002D2E45 /* LocationServiceTests.swift */ = {isa = PBXFileReference; lastKnownFileType = sourcecode.swift; path = LocationServiceTests.swift; sourceTree = "<group>"; };
		0329357B2AFF350C002D2E45 /* RecipesApp.xctestplan */ = {isa = PBXFileReference; fileEncoding = 4; lastKnownFileType = text; path = RecipesApp.xctestplan; sourceTree = SOURCE_ROOT; };
		0329357D2AFF3777002D2E45 /* RecipesViewModelTests.swift */ = {isa = PBXFileReference; lastKnownFileType = sourcecode.swift; path = RecipesViewModelTests.swift; sourceTree = "<group>"; };
		0329357F2AFF3C07002D2E45 /* RecipeDetailViewModelTests.swift */ = {isa = PBXFileReference; lastKnownFileType = sourcecode.swift; path = RecipeDetailViewModelTests.swift; sourceTree = "<group>"; };
		032935812AFF3E2D002D2E45 /* LocationViewModelTest.swift */ = {isa = PBXFileReference; lastKnownFileType = sourcecode.swift; path = LocationViewModelTest.swift; sourceTree = "<group>"; };
		0362F0BC2AFEE98E00EF8709 /* LocationViewController.swift */ = {isa = PBXFileReference; lastKnownFileType = sourcecode.swift; path = LocationViewController.swift; sourceTree = "<group>"; };
		0362F0BF2AFEF4F300EF8709 /* RecipesVIewModel.swift */ = {isa = PBXFileReference; lastKnownFileType = sourcecode.swift; path = RecipesVIewModel.swift; sourceTree = "<group>"; };
		0362F0C12AFF012800EF8709 /* RecipeDetailViewModel.swift */ = {isa = PBXFileReference; lastKnownFileType = sourcecode.swift; path = RecipeDetailViewModel.swift; sourceTree = "<group>"; };
		0362F0C32AFF269F00EF8709 /* LocationService.swift */ = {isa = PBXFileReference; lastKnownFileType = sourcecode.swift; path = LocationService.swift; sourceTree = "<group>"; };
		0362F0C52AFF285300EF8709 /* LocationVIewModel.swift */ = {isa = PBXFileReference; lastKnownFileType = sourcecode.swift; path = LocationVIewModel.swift; sourceTree = "<group>"; };
		039EF0172AFC847800141A29 /* RecipesApp.app */ = {isa = PBXFileReference; explicitFileType = wrapper.application; includeInIndex = 0; path = RecipesApp.app; sourceTree = BUILT_PRODUCTS_DIR; };
		039EF01A2AFC847800141A29 /* AppDelegate.swift */ = {isa = PBXFileReference; lastKnownFileType = sourcecode.swift; path = AppDelegate.swift; sourceTree = "<group>"; };
		039EF01C2AFC847800141A29 /* SceneDelegate.swift */ = {isa = PBXFileReference; lastKnownFileType = sourcecode.swift; path = SceneDelegate.swift; sourceTree = "<group>"; };
		039EF0232AFC847A00141A29 /* Assets.xcassets */ = {isa = PBXFileReference; lastKnownFileType = folder.assetcatalog; path = Assets.xcassets; sourceTree = "<group>"; };
		039EF0262AFC847A00141A29 /* Base */ = {isa = PBXFileReference; lastKnownFileType = file.storyboard; name = Base; path = Base.lproj/LaunchScreen.storyboard; sourceTree = "<group>"; };
		039EF0282AFC847A00141A29 /* Info.plist */ = {isa = PBXFileReference; lastKnownFileType = text.plist.xml; path = Info.plist; sourceTree = "<group>"; };
		039EF02D2AFC847A00141A29 /* RecipesAppTests.xctest */ = {isa = PBXFileReference; explicitFileType = wrapper.cfbundle; includeInIndex = 0; path = RecipesAppTests.xctest; sourceTree = BUILT_PRODUCTS_DIR; };
		03C6FC782AFDCC93001730D4 /* Extensions+UIView.swift */ = {isa = PBXFileReference; fileEncoding = 4; lastKnownFileType = sourcecode.swift; path = "Extensions+UIView.swift"; sourceTree = "<group>"; };
		03C6FC7A2AFE0B0B001730D4 /* RecipesModel.swift */ = {isa = PBXFileReference; lastKnownFileType = sourcecode.swift; path = RecipesModel.swift; sourceTree = "<group>"; };
		03C6FC7C2AFE0C7D001730D4 /* RecipeModel.swift */ = {isa = PBXFileReference; lastKnownFileType = sourcecode.swift; path = RecipeModel.swift; sourceTree = "<group>"; };
		03C6FC802AFE8ED4001730D4 /* RecipesServiceTests.swift */ = {isa = PBXFileReference; lastKnownFileType = sourcecode.swift; path = RecipesServiceTests.swift; sourceTree = "<group>"; };
		03C6FC872AFEA00E001730D4 /* RecipesTableViewCell.swift */ = {isa = PBXFileReference; lastKnownFileType = sourcecode.swift; path = RecipesTableViewCell.swift; sourceTree = "<group>"; };
		03C6FC882AFEA00E001730D4 /* RecipesTableViewCell.xib */ = {isa = PBXFileReference; lastKnownFileType = file.xib; path = RecipesTableViewCell.xib; sourceTree = "<group>"; };
		03C6FC8B2AFEA056001730D4 /* RecipesViewController.swift */ = {isa = PBXFileReference; lastKnownFileType = sourcecode.swift; path = RecipesViewController.swift; sourceTree = "<group>"; };
		03C6FC8F2AFED391001730D4 /* RecipeDetailViewController.swift */ = {isa = PBXFileReference; lastKnownFileType = sourcecode.swift; path = RecipeDetailViewController.swift; sourceTree = "<group>"; };
		03EB4BE12AFDB3C900F41A24 /* RecipesService.swift */ = {isa = PBXFileReference; fileEncoding = 4; lastKnownFileType = sourcecode.swift; path = RecipesService.swift; sourceTree = "<group>"; };
		03EB4BE52AFDB40400F41A24 /* APIClient.swift */ = {isa = PBXFileReference; fileEncoding = 4; lastKnownFileType = sourcecode.swift; path = APIClient.swift; sourceTree = "<group>"; };
		03EB4BE92AFDB81400F41A24 /* APIClientTest.swift */ = {isa = PBXFileReference; lastKnownFileType = sourcecode.swift; path = APIClientTest.swift; sourceTree = "<group>"; };
		233912E8DBFD0DBB281F6A6D /* Pods_RecipesApp.framework */ = {isa = PBXFileReference; explicitFileType = wrapper.framework; includeInIndex = 0; path = Pods_RecipesApp.framework; sourceTree = BUILT_PRODUCTS_DIR; };
		29E120F1C63D9C005A391D9D /* Pods-RecipesAppTests.debug.xcconfig */ = {isa = PBXFileReference; includeInIndex = 1; lastKnownFileType = text.xcconfig; name = "Pods-RecipesAppTests.debug.xcconfig"; path = "Target Support Files/Pods-RecipesAppTests/Pods-RecipesAppTests.debug.xcconfig"; sourceTree = "<group>"; };
		E4087ED4DC75110182D44A4D /* Pods-RecipesAppTests.release.xcconfig */ = {isa = PBXFileReference; includeInIndex = 1; lastKnownFileType = text.xcconfig; name = "Pods-RecipesAppTests.release.xcconfig"; path = "Target Support Files/Pods-RecipesAppTests/Pods-RecipesAppTests.release.xcconfig"; sourceTree = "<group>"; };
		EDE8EEF08EA083972662F965 /* Pods-RecipesApp.release.xcconfig */ = {isa = PBXFileReference; includeInIndex = 1; lastKnownFileType = text.xcconfig; name = "Pods-RecipesApp.release.xcconfig"; path = "Target Support Files/Pods-RecipesApp/Pods-RecipesApp.release.xcconfig"; sourceTree = "<group>"; };
		FAE113BC0FBF8D8B5CE5CAE1 /* Pods-RecipesApp.debug.xcconfig */ = {isa = PBXFileReference; includeInIndex = 1; lastKnownFileType = text.xcconfig; name = "Pods-RecipesApp.debug.xcconfig"; path = "Target Support Files/Pods-RecipesApp/Pods-RecipesApp.debug.xcconfig"; sourceTree = "<group>"; };
		FC68A6F5A2737FF91B3A772E /* Pods_RecipesAppTests.framework */ = {isa = PBXFileReference; explicitFileType = wrapper.framework; includeInIndex = 0; path = Pods_RecipesAppTests.framework; sourceTree = BUILT_PRODUCTS_DIR; };
/* End PBXFileReference section */

/* Begin PBXFrameworksBuildPhase section */
		039EF0142AFC847800141A29 /* Frameworks */ = {
			isa = PBXFrameworksBuildPhase;
			buildActionMask = 2147483647;
			files = (
				7322AC33C0BDC617ADD7C02E /* Pods_RecipesApp.framework in Frameworks */,
			);
			runOnlyForDeploymentPostprocessing = 0;
		};
		039EF02A2AFC847A00141A29 /* Frameworks */ = {
			isa = PBXFrameworksBuildPhase;
			buildActionMask = 2147483647;
			files = (
				49FFA51333E810B128EC8F7A /* Pods_RecipesAppTests.framework in Frameworks */,
			);
			runOnlyForDeploymentPostprocessing = 0;
		};
/* End PBXFrameworksBuildPhase section */

/* Begin PBXGroup section */
		030E8FDB2B02DA320018C8BC /* Modules */ = {
			isa = PBXGroup;
			children = (
				030E8FEB2B02E1640018C8BC /* RecipeDetail */,
				030E8FE82B02DFAC0018C8BC /* Recipes */,
				030E8FDC2B02DB120018C8BC /* Location */,
			);
			path = Modules;
			sourceTree = "<group>";
		};
		030E8FDC2B02DB120018C8BC /* Location */ = {
			isa = PBXGroup;
			children = (
				030E8FF22B02E6DD0018C8BC /* ViewModel */,
				030E8FF12B02E6BD0018C8BC /* Views */,
			);
			path = Location;
			sourceTree = "<group>";
		};
		030E8FE72B02DF840018C8BC /* Subviews */ = {
			isa = PBXGroup;
			children = (
				03C6FC872AFEA00E001730D4 /* RecipesTableViewCell.swift */,
				03C6FC882AFEA00E001730D4 /* RecipesTableViewCell.xib */,
			);
			path = Subviews;
			sourceTree = "<group>";
		};
		030E8FE82B02DFAC0018C8BC /* Recipes */ = {
			isa = PBXGroup;
			children = (
				030E8FF62B02E7430018C8BC /* Models */,
				030E8FF52B02E7120018C8BC /* ViewModel */,
				030E8FF32B02E6EE0018C8BC /* Views */,
			);
			path = Recipes;
			sourceTree = "<group>";
		};
		030E8FEB2B02E1640018C8BC /* RecipeDetail */ = {
			isa = PBXGroup;
			children = (
				030E8FF02B02E6000018C8BC /* Views */,
				030E8FEF2B02E5F50018C8BC /* ViewModel */,
				030E8FEE2B02E5E30018C8BC /* Models */,
			);
			path = RecipeDetail;
			sourceTree = "<group>";
		};
		030E8FEE2B02E5E30018C8BC /* Models */ = {
			isa = PBXGroup;
			children = (
				03C6FC7C2AFE0C7D001730D4 /* RecipeModel.swift */,
			);
			path = Models;
			sourceTree = "<group>";
		};
		030E8FEF2B02E5F50018C8BC /* ViewModel */ = {
			isa = PBXGroup;
			children = (
				0362F0C12AFF012800EF8709 /* RecipeDetailViewModel.swift */,
			);
			path = ViewModel;
			sourceTree = "<group>";
		};
		030E8FF02B02E6000018C8BC /* Views */ = {
			isa = PBXGroup;
			children = (
				030E8FEC2B02E1980018C8BC /* RecipeDetailViewController.xib */,
				03C6FC8F2AFED391001730D4 /* RecipeDetailViewController.swift */,
			);
			path = Views;
			sourceTree = "<group>";
		};
		030E8FF12B02E6BD0018C8BC /* Views */ = {
			isa = PBXGroup;
			children = (
				0362F0BC2AFEE98E00EF8709 /* LocationViewController.swift */,
				030E8FE02B02DCB70018C8BC /* LocationViewController.xib */,
			);
			path = Views;
			sourceTree = "<group>";
		};
		030E8FF22B02E6DD0018C8BC /* ViewModel */ = {
			isa = PBXGroup;
			children = (
				0362F0C52AFF285300EF8709 /* LocationVIewModel.swift */,
			);
			path = ViewModel;
			sourceTree = "<group>";
		};
		030E8FF32B02E6EE0018C8BC /* Views */ = {
			isa = PBXGroup;
			children = (
				03C6FC8B2AFEA056001730D4 /* RecipesViewController.swift */,
				030E8FE92B02DFDA0018C8BC /* RecipesViewController.xib */,
				030E8FE72B02DF840018C8BC /* Subviews */,
			);
			path = Views;
			sourceTree = "<group>";
		};
		030E8FF52B02E7120018C8BC /* ViewModel */ = {
			isa = PBXGroup;
			children = (
				0362F0BF2AFEF4F300EF8709 /* RecipesVIewModel.swift */,
			);
			path = ViewModel;
			sourceTree = "<group>";
		};
		030E8FF62B02E7430018C8BC /* Models */ = {
			isa = PBXGroup;
			children = (
				03C6FC7A2AFE0B0B001730D4 /* RecipesModel.swift */,
			);
			path = Models;
			sourceTree = "<group>";
		};
		030E8FF72B02E7AF0018C8BC /* Utilities */ = {
			isa = PBXGroup;
			children = (
				030E8FF82B02E7B60018C8BC /* Resources */,
				030E8FF92B02E7F00018C8BC /* Extensions */,
				030E90022B02EAE60018C8BC /* Constants.swift */,
			);
			path = Utilities;
			sourceTree = "<group>";
		};
		030E8FF82B02E7B60018C8BC /* Resources */ = {
			isa = PBXGroup;
			children = (
				039EF0232AFC847A00141A29 /* Assets.xcassets */,
			);
			path = Resources;
			sourceTree = "<group>";
		};
		030E8FF92B02E7F00018C8BC /* Extensions */ = {
			isa = PBXGroup;
			children = (
				03C6FC782AFDCC93001730D4 /* Extensions+UIView.swift */,
				030E8FFA2B02E8240018C8BC /* Extension+UIViewController.swift */,
			);
			path = Extensions;
			sourceTree = "<group>";
		};
		030E8FFC2B02E85E0018C8BC /* App */ = {
			isa = PBXGroup;
			children = (
				039EF01C2AFC847800141A29 /* SceneDelegate.swift */,
				039EF01A2AFC847800141A29 /* AppDelegate.swift */,
			);
			path = App;
			sourceTree = "<group>";
		};
		039EF00E2AFC847800141A29 = {
			isa = PBXGroup;
			children = (
				039EF0192AFC847800141A29 /* RecipesApp */,
				039EF0302AFC847A00141A29 /* RecipesAppTests */,
				039EF0182AFC847800141A29 /* Products */,
				BB39DB9948036E67D10F5372 /* Pods */,
				34B268871B73BA4447AB04EF /* Frameworks */,
			);
			sourceTree = "<group>";
		};
		039EF0182AFC847800141A29 /* Products */ = {
			isa = PBXGroup;
			children = (
				039EF0172AFC847800141A29 /* RecipesApp.app */,
				039EF02D2AFC847A00141A29 /* RecipesAppTests.xctest */,
			);
			name = Products;
			sourceTree = "<group>";
		};
		039EF0192AFC847800141A29 /* RecipesApp */ = {
			isa = PBXGroup;
			children = (
				030E8FFC2B02E85E0018C8BC /* App */,
				030E8FF72B02E7AF0018C8BC /* Utilities */,
				03EB4BDA2AFD3AA300F41A24 /* Network */,
				030E8FDB2B02DA320018C8BC /* Modules */,
				039EF0252AFC847A00141A29 /* LaunchScreen.storyboard */,
				0329357B2AFF350C002D2E45 /* RecipesApp.xctestplan */,
				039EF0282AFC847A00141A29 /* Info.plist */,
			);
			path = RecipesApp;
			sourceTree = "<group>";
		};
		039EF0302AFC847A00141A29 /* RecipesAppTests */ = {
			isa = PBXGroup;
			children = (
				03EB4BE92AFDB81400F41A24 /* APIClientTest.swift */,
				03C6FC802AFE8ED4001730D4 /* RecipesServiceTests.swift */,
				032935792AFF341C002D2E45 /* LocationServiceTests.swift */,
				0329357D2AFF3777002D2E45 /* RecipesViewModelTests.swift */,
				0329357F2AFF3C07002D2E45 /* RecipeDetailViewModelTests.swift */,
				032935812AFF3E2D002D2E45 /* LocationViewModelTest.swift */,
			);
			path = RecipesAppTests;
			sourceTree = "<group>";
		};
		03EB4BDA2AFD3AA300F41A24 /* Network */ = {
			isa = PBXGroup;
			children = (
				03EB4BE52AFDB40400F41A24 /* APIClient.swift */,
				03EB4BE12AFDB3C900F41A24 /* RecipesService.swift */,
				0362F0C32AFF269F00EF8709 /* LocationService.swift */,
			);
			path = Network;
			sourceTree = "<group>";
		};
		34B268871B73BA4447AB04EF /* Frameworks */ = {
			isa = PBXGroup;
			children = (
				233912E8DBFD0DBB281F6A6D /* Pods_RecipesApp.framework */,
				FC68A6F5A2737FF91B3A772E /* Pods_RecipesAppTests.framework */,
			);
			name = Frameworks;
			sourceTree = "<group>";
		};
		BB39DB9948036E67D10F5372 /* Pods */ = {
			isa = PBXGroup;
			children = (
				FAE113BC0FBF8D8B5CE5CAE1 /* Pods-RecipesApp.debug.xcconfig */,
				EDE8EEF08EA083972662F965 /* Pods-RecipesApp.release.xcconfig */,
				29E120F1C63D9C005A391D9D /* Pods-RecipesAppTests.debug.xcconfig */,
				E4087ED4DC75110182D44A4D /* Pods-RecipesAppTests.release.xcconfig */,
			);
			path = Pods;
			sourceTree = "<group>";
		};
/* End PBXGroup section */

/* Begin PBXNativeTarget section */
		039EF0162AFC847800141A29 /* RecipesApp */ = {
			isa = PBXNativeTarget;
			buildConfigurationList = 039EF0412AFC847A00141A29 /* Build configuration list for PBXNativeTarget "RecipesApp" */;
			buildPhases = (
				78EBF2A09BA05A262830C4A3 /* [CP] Check Pods Manifest.lock */,
				039EF0132AFC847800141A29 /* Sources */,
				039EF0142AFC847800141A29 /* Frameworks */,
				039EF0152AFC847800141A29 /* Resources */,
				8A181957EBA88326BCEB0119 /* [CP] Embed Pods Frameworks */,
			);
			buildRules = (
			);
			dependencies = (
			);
			name = RecipesApp;
			productName = RecipesApp;
			productReference = 039EF0172AFC847800141A29 /* RecipesApp.app */;
			productType = "com.apple.product-type.application";
		};
		039EF02C2AFC847A00141A29 /* RecipesAppTests */ = {
			isa = PBXNativeTarget;
			buildConfigurationList = 039EF0442AFC847A00141A29 /* Build configuration list for PBXNativeTarget "RecipesAppTests" */;
			buildPhases = (
				1B1D7AE34BC0642025ACF3DA /* [CP] Check Pods Manifest.lock */,
				039EF0292AFC847A00141A29 /* Sources */,
				039EF02A2AFC847A00141A29 /* Frameworks */,
				039EF02B2AFC847A00141A29 /* Resources */,
			);
			buildRules = (
			);
			dependencies = (
				039EF02F2AFC847A00141A29 /* PBXTargetDependency */,
			);
			name = RecipesAppTests;
			productName = RecipesAppTests;
			productReference = 039EF02D2AFC847A00141A29 /* RecipesAppTests.xctest */;
			productType = "com.apple.product-type.bundle.unit-test";
		};
/* End PBXNativeTarget section */

/* Begin PBXProject section */
		039EF00F2AFC847800141A29 /* Project object */ = {
			isa = PBXProject;
			attributes = {
				BuildIndependentTargetsInParallel = 1;
				LastSwiftUpdateCheck = 1430;
				LastUpgradeCheck = 1430;
				TargetAttributes = {
					039EF0162AFC847800141A29 = {
						CreatedOnToolsVersion = 14.3.1;
					};
					039EF02C2AFC847A00141A29 = {
						CreatedOnToolsVersion = 14.3.1;
						LastSwiftMigration = 1430;
						TestTargetID = 039EF0162AFC847800141A29;
					};
				};
			};
			buildConfigurationList = 039EF0122AFC847800141A29 /* Build configuration list for PBXProject "RecipesApp" */;
			compatibilityVersion = "Xcode 14.0";
			developmentRegion = en;
			hasScannedForEncodings = 0;
			knownRegions = (
				en,
				Base,
			);
			mainGroup = 039EF00E2AFC847800141A29;
			productRefGroup = 039EF0182AFC847800141A29 /* Products */;
			projectDirPath = "";
			projectRoot = "";
			targets = (
				039EF0162AFC847800141A29 /* RecipesApp */,
				039EF02C2AFC847A00141A29 /* RecipesAppTests */,
			);
		};
/* End PBXProject section */

/* Begin PBXResourcesBuildPhase section */
		039EF0152AFC847800141A29 /* Resources */ = {
			isa = PBXResourcesBuildPhase;
			buildActionMask = 2147483647;
			files = (
				030E8FED2B02E1980018C8BC /* RecipeDetailViewController.xib in Resources */,
				039EF0272AFC847A00141A29 /* LaunchScreen.storyboard in Resources */,
				039EF0242AFC847A00141A29 /* Assets.xcassets in Resources */,
				030E8FEA2B02DFDA0018C8BC /* RecipesViewController.xib in Resources */,
				030E8FE22B02DCB70018C8BC /* LocationViewController.xib in Resources */,
				03C6FC8A2AFEA00E001730D4 /* RecipesTableViewCell.xib in Resources */,
			);
			runOnlyForDeploymentPostprocessing = 0;
		};
		039EF02B2AFC847A00141A29 /* Resources */ = {
			isa = PBXResourcesBuildPhase;
			buildActionMask = 2147483647;
			files = (
				0329357C2AFF350C002D2E45 /* RecipesApp.xctestplan in Resources */,
			);
			runOnlyForDeploymentPostprocessing = 0;
		};
/* End PBXResourcesBuildPhase section */

/* Begin PBXShellScriptBuildPhase section */
		1B1D7AE34BC0642025ACF3DA /* [CP] Check Pods Manifest.lock */ = {
			isa = PBXShellScriptBuildPhase;
			buildActionMask = 2147483647;
			files = (
			);
			inputFileListPaths = (
			);
			inputPaths = (
				"${PODS_PODFILE_DIR_PATH}/Podfile.lock",
				"${PODS_ROOT}/Manifest.lock",
			);
			name = "[CP] Check Pods Manifest.lock";
			outputFileListPaths = (
			);
			outputPaths = (
				"$(DERIVED_FILE_DIR)/Pods-RecipesAppTests-checkManifestLockResult.txt",
			);
			runOnlyForDeploymentPostprocessing = 0;
			shellPath = /bin/sh;
			shellScript = "diff \"${PODS_PODFILE_DIR_PATH}/Podfile.lock\" \"${PODS_ROOT}/Manifest.lock\" > /dev/null\nif [ $? != 0 ] ; then\n    # print error to STDERR\n    echo \"error: The sandbox is not in sync with the Podfile.lock. Run 'pod install' or update your CocoaPods installation.\" >&2\n    exit 1\nfi\n# This output is used by Xcode 'outputs' to avoid re-running this script phase.\necho \"SUCCESS\" > \"${SCRIPT_OUTPUT_FILE_0}\"\n";
			showEnvVarsInLog = 0;
		};
		78EBF2A09BA05A262830C4A3 /* [CP] Check Pods Manifest.lock */ = {
			isa = PBXShellScriptBuildPhase;
			buildActionMask = 2147483647;
			files = (
			);
			inputFileListPaths = (
			);
			inputPaths = (
				"${PODS_PODFILE_DIR_PATH}/Podfile.lock",
				"${PODS_ROOT}/Manifest.lock",
			);
			name = "[CP] Check Pods Manifest.lock";
			outputFileListPaths = (
			);
			outputPaths = (
				"$(DERIVED_FILE_DIR)/Pods-RecipesApp-checkManifestLockResult.txt",
			);
			runOnlyForDeploymentPostprocessing = 0;
			shellPath = /bin/sh;
			shellScript = "diff \"${PODS_PODFILE_DIR_PATH}/Podfile.lock\" \"${PODS_ROOT}/Manifest.lock\" > /dev/null\nif [ $? != 0 ] ; then\n    # print error to STDERR\n    echo \"error: The sandbox is not in sync with the Podfile.lock. Run 'pod install' or update your CocoaPods installation.\" >&2\n    exit 1\nfi\n# This output is used by Xcode 'outputs' to avoid re-running this script phase.\necho \"SUCCESS\" > \"${SCRIPT_OUTPUT_FILE_0}\"\n";
			showEnvVarsInLog = 0;
		};
		8A181957EBA88326BCEB0119 /* [CP] Embed Pods Frameworks */ = {
			isa = PBXShellScriptBuildPhase;
			buildActionMask = 2147483647;
			files = (
			);
			inputFileListPaths = (
				"${PODS_ROOT}/Target Support Files/Pods-RecipesApp/Pods-RecipesApp-frameworks-${CONFIGURATION}-input-files.xcfilelist",
			);
			name = "[CP] Embed Pods Frameworks";
			outputFileListPaths = (
				"${PODS_ROOT}/Target Support Files/Pods-RecipesApp/Pods-RecipesApp-frameworks-${CONFIGURATION}-output-files.xcfilelist",
			);
			runOnlyForDeploymentPostprocessing = 0;
			shellPath = /bin/sh;
			shellScript = "\"${PODS_ROOT}/Target Support Files/Pods-RecipesApp/Pods-RecipesApp-frameworks.sh\"\n";
			showEnvVarsInLog = 0;
		};
/* End PBXShellScriptBuildPhase section */

/* Begin PBXSourcesBuildPhase section */
		039EF0132AFC847800141A29 /* Sources */ = {
			isa = PBXSourcesBuildPhase;
			buildActionMask = 2147483647;
			files = (
				03C6FC7B2AFE0B0B001730D4 /* RecipesModel.swift in Sources */,
				030E90032B02EAE60018C8BC /* Constants.swift in Sources */,
				0362F0C22AFF012800EF8709 /* RecipeDetailViewModel.swift in Sources */,
				03EB4BE42AFDB3C900F41A24 /* RecipesService.swift in Sources */,
				03C6FC8C2AFEA056001730D4 /* RecipesViewController.swift in Sources */,
				030E8FFB2B02E8240018C8BC /* Extension+UIViewController.swift in Sources */,
				0362F0BD2AFEE98F00EF8709 /* LocationViewController.swift in Sources */,
				03C6FC892AFEA00E001730D4 /* RecipesTableViewCell.swift in Sources */,
				0362F0C02AFEF4F300EF8709 /* RecipesVIewModel.swift in Sources */,
				0362F0C62AFF285300EF8709 /* LocationVIewModel.swift in Sources */,
				0362F0C42AFF269F00EF8709 /* LocationService.swift in Sources */,
				039EF01B2AFC847800141A29 /* AppDelegate.swift in Sources */,
				039EF01D2AFC847800141A29 /* SceneDelegate.swift in Sources */,
				03C6FC902AFED391001730D4 /* RecipeDetailViewController.swift in Sources */,
				03EB4BE62AFDB40400F41A24 /* APIClient.swift in Sources */,
				03C6FC792AFDCC93001730D4 /* Extensions+UIView.swift in Sources */,
				03C6FC7D2AFE0C7D001730D4 /* RecipeModel.swift in Sources */,
			);
			runOnlyForDeploymentPostprocessing = 0;
		};
		039EF0292AFC847A00141A29 /* Sources */ = {
			isa = PBXSourcesBuildPhase;
			buildActionMask = 2147483647;
			files = (
				0329357E2AFF3777002D2E45 /* RecipesViewModelTests.swift in Sources */,
				03EB4BEA2AFDB81400F41A24 /* APIClientTest.swift in Sources */,
				03C6FC812AFE8ED4001730D4 /* RecipesServiceTests.swift in Sources */,
				0329357A2AFF341C002D2E45 /* LocationServiceTests.swift in Sources */,
				032935802AFF3C07002D2E45 /* RecipeDetailViewModelTests.swift in Sources */,
				032935822AFF3E2D002D2E45 /* LocationViewModelTest.swift in Sources */,
			);
			runOnlyForDeploymentPostprocessing = 0;
		};
/* End PBXSourcesBuildPhase section */

/* Begin PBXTargetDependency section */
		039EF02F2AFC847A00141A29 /* PBXTargetDependency */ = {
			isa = PBXTargetDependency;
			target = 039EF0162AFC847800141A29 /* RecipesApp */;
			targetProxy = 039EF02E2AFC847A00141A29 /* PBXContainerItemProxy */;
		};
/* End PBXTargetDependency section */

/* Begin PBXVariantGroup section */
		039EF0252AFC847A00141A29 /* LaunchScreen.storyboard */ = {
			isa = PBXVariantGroup;
			children = (
				039EF0262AFC847A00141A29 /* Base */,
			);
			name = LaunchScreen.storyboard;
			sourceTree = "<group>";
		};
/* End PBXVariantGroup section */

/* Begin XCBuildConfiguration section */
		039EF03F2AFC847A00141A29 /* Debug */ = {
			isa = XCBuildConfiguration;
			buildSettings = {
				ALWAYS_SEARCH_USER_PATHS = NO;
				CLANG_ANALYZER_NONNULL = YES;
				CLANG_ANALYZER_NUMBER_OBJECT_CONVERSION = YES_AGGRESSIVE;
				CLANG_CXX_LANGUAGE_STANDARD = "gnu++20";
				CLANG_ENABLE_MODULES = YES;
				CLANG_ENABLE_OBJC_ARC = YES;
				CLANG_ENABLE_OBJC_WEAK = YES;
				CLANG_WARN_BLOCK_CAPTURE_AUTORELEASING = YES;
				CLANG_WARN_BOOL_CONVERSION = YES;
				CLANG_WARN_COMMA = YES;
				CLANG_WARN_CONSTANT_CONVERSION = YES;
				CLANG_WARN_DEPRECATED_OBJC_IMPLEMENTATIONS = YES;
				CLANG_WARN_DIRECT_OBJC_ISA_USAGE = YES_ERROR;
				CLANG_WARN_DOCUMENTATION_COMMENTS = YES;
				CLANG_WARN_EMPTY_BODY = YES;
				CLANG_WARN_ENUM_CONVERSION = YES;
				CLANG_WARN_INFINITE_RECURSION = YES;
				CLANG_WARN_INT_CONVERSION = YES;
				CLANG_WARN_NON_LITERAL_NULL_CONVERSION = YES;
				CLANG_WARN_OBJC_IMPLICIT_RETAIN_SELF = YES;
				CLANG_WARN_OBJC_LITERAL_CONVERSION = YES;
				CLANG_WARN_OBJC_ROOT_CLASS = YES_ERROR;
				CLANG_WARN_QUOTED_INCLUDE_IN_FRAMEWORK_HEADER = YES;
				CLANG_WARN_RANGE_LOOP_ANALYSIS = YES;
				CLANG_WARN_STRICT_PROTOTYPES = YES;
				CLANG_WARN_SUSPICIOUS_MOVE = YES;
				CLANG_WARN_UNGUARDED_AVAILABILITY = YES_AGGRESSIVE;
				CLANG_WARN_UNREACHABLE_CODE = YES;
				CLANG_WARN__DUPLICATE_METHOD_MATCH = YES;
				COPY_PHASE_STRIP = NO;
				DEBUG_INFORMATION_FORMAT = dwarf;
				ENABLE_STRICT_OBJC_MSGSEND = YES;
				ENABLE_TESTABILITY = YES;
				GCC_C_LANGUAGE_STANDARD = gnu11;
				GCC_DYNAMIC_NO_PIC = NO;
				GCC_NO_COMMON_BLOCKS = YES;
				GCC_OPTIMIZATION_LEVEL = 0;
				GCC_PREPROCESSOR_DEFINITIONS = (
					"DEBUG=1",
					"$(inherited)",
				);
				GCC_WARN_64_TO_32_BIT_CONVERSION = YES;
				GCC_WARN_ABOUT_RETURN_TYPE = YES_ERROR;
				GCC_WARN_UNDECLARED_SELECTOR = YES;
				GCC_WARN_UNINITIALIZED_AUTOS = YES_AGGRESSIVE;
				GCC_WARN_UNUSED_FUNCTION = YES;
				GCC_WARN_UNUSED_VARIABLE = YES;
				IPHONEOS_DEPLOYMENT_TARGET = 15.1;
				MTL_ENABLE_DEBUG_INFO = INCLUDE_SOURCE;
				MTL_FAST_MATH = YES;
				ONLY_ACTIVE_ARCH = YES;
				SDKROOT = iphoneos;
				SWIFT_ACTIVE_COMPILATION_CONDITIONS = DEBUG;
				SWIFT_OPTIMIZATION_LEVEL = "-Onone";
			};
			name = Debug;
		};
		039EF0402AFC847A00141A29 /* Release */ = {
			isa = XCBuildConfiguration;
			buildSettings = {
				ALWAYS_SEARCH_USER_PATHS = NO;
				CLANG_ANALYZER_NONNULL = YES;
				CLANG_ANALYZER_NUMBER_OBJECT_CONVERSION = YES_AGGRESSIVE;
				CLANG_CXX_LANGUAGE_STANDARD = "gnu++20";
				CLANG_ENABLE_MODULES = YES;
				CLANG_ENABLE_OBJC_ARC = YES;
				CLANG_ENABLE_OBJC_WEAK = YES;
				CLANG_WARN_BLOCK_CAPTURE_AUTORELEASING = YES;
				CLANG_WARN_BOOL_CONVERSION = YES;
				CLANG_WARN_COMMA = YES;
				CLANG_WARN_CONSTANT_CONVERSION = YES;
				CLANG_WARN_DEPRECATED_OBJC_IMPLEMENTATIONS = YES;
				CLANG_WARN_DIRECT_OBJC_ISA_USAGE = YES_ERROR;
				CLANG_WARN_DOCUMENTATION_COMMENTS = YES;
				CLANG_WARN_EMPTY_BODY = YES;
				CLANG_WARN_ENUM_CONVERSION = YES;
				CLANG_WARN_INFINITE_RECURSION = YES;
				CLANG_WARN_INT_CONVERSION = YES;
				CLANG_WARN_NON_LITERAL_NULL_CONVERSION = YES;
				CLANG_WARN_OBJC_IMPLICIT_RETAIN_SELF = YES;
				CLANG_WARN_OBJC_LITERAL_CONVERSION = YES;
				CLANG_WARN_OBJC_ROOT_CLASS = YES_ERROR;
				CLANG_WARN_QUOTED_INCLUDE_IN_FRAMEWORK_HEADER = YES;
				CLANG_WARN_RANGE_LOOP_ANALYSIS = YES;
				CLANG_WARN_STRICT_PROTOTYPES = YES;
				CLANG_WARN_SUSPICIOUS_MOVE = YES;
				CLANG_WARN_UNGUARDED_AVAILABILITY = YES_AGGRESSIVE;
				CLANG_WARN_UNREACHABLE_CODE = YES;
				CLANG_WARN__DUPLICATE_METHOD_MATCH = YES;
				COPY_PHASE_STRIP = NO;
				DEBUG_INFORMATION_FORMAT = "dwarf-with-dsym";
				ENABLE_NS_ASSERTIONS = NO;
				ENABLE_STRICT_OBJC_MSGSEND = YES;
				GCC_C_LANGUAGE_STANDARD = gnu11;
				GCC_NO_COMMON_BLOCKS = YES;
				GCC_WARN_64_TO_32_BIT_CONVERSION = YES;
				GCC_WARN_ABOUT_RETURN_TYPE = YES_ERROR;
				GCC_WARN_UNDECLARED_SELECTOR = YES;
				GCC_WARN_UNINITIALIZED_AUTOS = YES_AGGRESSIVE;
				GCC_WARN_UNUSED_FUNCTION = YES;
				GCC_WARN_UNUSED_VARIABLE = YES;
				IPHONEOS_DEPLOYMENT_TARGET = 15.1;
				MTL_ENABLE_DEBUG_INFO = NO;
				MTL_FAST_MATH = YES;
				SDKROOT = iphoneos;
				SWIFT_COMPILATION_MODE = wholemodule;
				SWIFT_OPTIMIZATION_LEVEL = "-O";
				VALIDATE_PRODUCT = YES;
			};
			name = Release;
		};
		039EF0422AFC847A00141A29 /* Debug */ = {
			isa = XCBuildConfiguration;
			baseConfigurationReference = FAE113BC0FBF8D8B5CE5CAE1 /* Pods-RecipesApp.debug.xcconfig */;
			buildSettings = {
				ASSETCATALOG_COMPILER_APPICON_NAME = AppIcon;
				ASSETCATALOG_COMPILER_GLOBAL_ACCENT_COLOR_NAME = AccentColor;
				CODE_SIGN_STYLE = Automatic;
				CURRENT_PROJECT_VERSION = 1;
				DEVELOPMENT_TEAM = 7RRD9A765A;
				GENERATE_INFOPLIST_FILE = YES;
				INFOPLIST_FILE = RecipesApp/Info.plist;
				INFOPLIST_KEY_UIApplicationSupportsIndirectInputEvents = YES;
				INFOPLIST_KEY_UILaunchStoryboardName = LaunchScreen;
				INFOPLIST_KEY_UISupportedInterfaceOrientations_iPad = "UIInterfaceOrientationPortrait UIInterfaceOrientationPortraitUpsideDown UIInterfaceOrientationLandscapeLeft UIInterfaceOrientationLandscapeRight";
				INFOPLIST_KEY_UISupportedInterfaceOrientations_iPhone = "UIInterfaceOrientationPortrait UIInterfaceOrientationLandscapeLeft UIInterfaceOrientationLandscapeRight";
				LD_RUNPATH_SEARCH_PATHS = (
					"$(inherited)",
					"@executable_path/Frameworks",
				);
				MARKETING_VERSION = 1.0;
				PRODUCT_BUNDLE_IDENTIFIER = com.jhonatan.RecipesApp;
				PRODUCT_NAME = "$(TARGET_NAME)";
				SWIFT_EMIT_LOC_STRINGS = YES;
				SWIFT_VERSION = 5.0;
				TARGETED_DEVICE_FAMILY = "1,2";
			};
			name = Debug;
		};
		039EF0432AFC847A00141A29 /* Release */ = {
			isa = XCBuildConfiguration;
			baseConfigurationReference = EDE8EEF08EA083972662F965 /* Pods-RecipesApp.release.xcconfig */;
			buildSettings = {
				ASSETCATALOG_COMPILER_APPICON_NAME = AppIcon;
				ASSETCATALOG_COMPILER_GLOBAL_ACCENT_COLOR_NAME = AccentColor;
				CODE_SIGN_STYLE = Automatic;
				CURRENT_PROJECT_VERSION = 1;
				DEVELOPMENT_TEAM = 7RRD9A765A;
				GENERATE_INFOPLIST_FILE = YES;
				INFOPLIST_FILE = RecipesApp/Info.plist;
				INFOPLIST_KEY_UIApplicationSupportsIndirectInputEvents = YES;
				INFOPLIST_KEY_UILaunchStoryboardName = LaunchScreen;
				INFOPLIST_KEY_UISupportedInterfaceOrientations_iPad = "UIInterfaceOrientationPortrait UIInterfaceOrientationPortraitUpsideDown UIInterfaceOrientationLandscapeLeft UIInterfaceOrientationLandscapeRight";
				INFOPLIST_KEY_UISupportedInterfaceOrientations_iPhone = "UIInterfaceOrientationPortrait UIInterfaceOrientationLandscapeLeft UIInterfaceOrientationLandscapeRight";
				LD_RUNPATH_SEARCH_PATHS = (
					"$(inherited)",
					"@executable_path/Frameworks",
				);
				MARKETING_VERSION = 1.0;
				PRODUCT_BUNDLE_IDENTIFIER = com.jhonatan.RecipesApp;
				PRODUCT_NAME = "$(TARGET_NAME)";
				SWIFT_EMIT_LOC_STRINGS = YES;
				SWIFT_VERSION = 5.0;
				TARGETED_DEVICE_FAMILY = "1,2";
			};
			name = Release;
		};
		039EF0452AFC847A00141A29 /* Debug */ = {
			isa = XCBuildConfiguration;
			baseConfigurationReference = 29E120F1C63D9C005A391D9D /* Pods-RecipesAppTests.debug.xcconfig */;
			buildSettings = {
				ALWAYS_EMBED_SWIFT_STANDARD_LIBRARIES = YES;
				BUNDLE_LOADER = "$(TEST_HOST)";
				CLANG_ENABLE_MODULES = YES;
				CODE_SIGN_STYLE = Automatic;
				CURRENT_PROJECT_VERSION = 1;
				DEVELOPMENT_TEAM = 7RRD9A765A;
				GENERATE_INFOPLIST_FILE = YES;
				IPHONEOS_DEPLOYMENT_TARGET = 15.1;
				MARKETING_VERSION = 1.0;
				PRODUCT_BUNDLE_IDENTIFIER = com.jhonatan.RecipesAppTests;
				PRODUCT_NAME = "$(TARGET_NAME)";
				SWIFT_EMIT_LOC_STRINGS = NO;
				SWIFT_OPTIMIZATION_LEVEL = "-Onone";
				SWIFT_VERSION = 5.0;
				TARGETED_DEVICE_FAMILY = "1,2";
				TEST_HOST = "$(BUILT_PRODUCTS_DIR)/RecipesApp.app/$(BUNDLE_EXECUTABLE_FOLDER_PATH)/RecipesApp";
			};
			name = Debug;
		};
		039EF0462AFC847A00141A29 /* Release */ = {
			isa = XCBuildConfiguration;
			baseConfigurationReference = E4087ED4DC75110182D44A4D /* Pods-RecipesAppTests.release.xcconfig */;
			buildSettings = {
				ALWAYS_EMBED_SWIFT_STANDARD_LIBRARIES = YES;
				BUNDLE_LOADER = "$(TEST_HOST)";
				CLANG_ENABLE_MODULES = YES;
				CODE_SIGN_STYLE = Automatic;
				CURRENT_PROJECT_VERSION = 1;
				DEVELOPMENT_TEAM = 7RRD9A765A;
				GENERATE_INFOPLIST_FILE = YES;
				IPHONEOS_DEPLOYMENT_TARGET = 15.1;
				MARKETING_VERSION = 1.0;
				PRODUCT_BUNDLE_IDENTIFIER = com.jhonatan.RecipesAppTests;
				PRODUCT_NAME = "$(TARGET_NAME)";
				SWIFT_EMIT_LOC_STRINGS = NO;
				SWIFT_VERSION = 5.0;
				TARGETED_DEVICE_FAMILY = "1,2";
				TEST_HOST = "$(BUILT_PRODUCTS_DIR)/RecipesApp.app/$(BUNDLE_EXECUTABLE_FOLDER_PATH)/RecipesApp";
			};
			name = Release;
		};
/* End XCBuildConfiguration section */

/* Begin XCConfigurationList section */
		039EF0122AFC847800141A29 /* Build configuration list for PBXProject "RecipesApp" */ = {
			isa = XCConfigurationList;
			buildConfigurations = (
				039EF03F2AFC847A00141A29 /* Debug */,
				039EF0402AFC847A00141A29 /* Release */,
			);
			defaultConfigurationIsVisible = 0;
			defaultConfigurationName = Release;
		};
		039EF0412AFC847A00141A29 /* Build configuration list for PBXNativeTarget "RecipesApp" */ = {
			isa = XCConfigurationList;
			buildConfigurations = (
				039EF0422AFC847A00141A29 /* Debug */,
				039EF0432AFC847A00141A29 /* Release */,
			);
			defaultConfigurationIsVisible = 0;
			defaultConfigurationName = Release;
		};
		039EF0442AFC847A00141A29 /* Build configuration list for PBXNativeTarget "RecipesAppTests" */ = {
			isa = XCConfigurationList;
			buildConfigurations = (
				039EF0452AFC847A00141A29 /* Debug */,
				039EF0462AFC847A00141A29 /* Release */,
			);
			defaultConfigurationIsVisible = 0;
			defaultConfigurationName = Release;
		};
/* End XCConfigurationList section */
	};
	rootObject = 039EF00F2AFC847800141A29 /* Project object */;
}
